
Microsoft Visual Studio Solution File, Format Version 12.00
# Visual Studio 14
VisualStudioVersion = 14.0.24720.0
MinimumVisualStudioVersion = 10.0.40219.1
Project("{FAE04EC0-301F-11D3-BF4B-00C04F79EFBC}") = "IdSrvPlugin", "IdSrvPlugin\IdSrvPlugin.csproj", "{153916FD-9099-412C-B79A-A3D438FEBFE0}"
EndProject
Project("{FAE04EC0-301F-11D3-BF4B-00C04F79EFBC}") = "Host", "Host\Host.csproj", "{B89B4EB0-39BE-4425-9AA7-EFD94E6649E3}"
EndProject
Global
	GlobalSection(SolutionConfigurationPlatforms) = preSolution
		Debug|Any CPU = Debug|Any CPU
		Release|Any CPU = Release|Any CPU
	EndGlobalSection
	GlobalSection(ProjectConfigurationPlatforms) = postSolution
		{153916FD-9099-412C-B79A-A3D438FEBFE0}.Debug|Any CPU.ActiveCfg = Debug|Any CPU
		{153916FD-9099-412C-B79A-A3D438FEBFE0}.Debug|Any CPU.Build.0 = Debug|Any CPU
		{153916FD-9099-412C-B79A-A3D438FEBFE0}.Release|Any CPU.ActiveCfg = Release|Any CPU
		{153916FD-9099-412C-B79A-A3D438FEBFE0}.Release|Any CPU.Build.0 = Release|Any CPU
		{B89B4EB0-39BE-4425-9AA7-EFD94E6649E3}.Debug|Any CPU.ActiveCfg = Debug|Any CPU
		{B89B4EB0-39BE-4425-9AA7-EFD94E6649E3}.Debug|Any CPU.Build.0 = Debug|Any CPU
		{B89B4EB0-39BE-4425-9AA7-EFD94E6649E3}.Release|Any CPU.ActiveCfg = Release|Any CPU
		{B89B4EB0-39BE-4425-9AA7-EFD94E6649E3}.Release|Any CPU.Build.0 = Release|Any CPU
	EndGlobalSection
	GlobalSection(SolutionProperties) = preSolution
		HideSolutionNode = FALSE
	EndGlobalSection
EndGlobal
